// !$*UTF8*$!
{
	archiveVersion = 1;
	classes = {
	};
	objectVersion = 52;
	objects = {

/* Begin PBXBuildFile section */
		1F66C8562604A20A002406A9 /* CalculatorApp.swift in Sources */ = {isa = PBXBuildFile; fileRef = 1F66C8552604A20A002406A9 /* CalculatorApp.swift */; };
		1F66C8582604A20A002406A9 /* ContentView.swift in Sources */ = {isa = PBXBuildFile; fileRef = 1F66C8572604A20A002406A9 /* ContentView.swift */; };
		1F66C85A2604A20C002406A9 /* Assets.xcassets in Resources */ = {isa = PBXBuildFile; fileRef = 1F66C8592604A20C002406A9 /* Assets.xcassets */; };
		1F66C85D2604A20C002406A9 /* Preview Assets.xcassets in Resources */ = {isa = PBXBuildFile; fileRef = 1F66C85C2604A20C002406A9 /* Preview Assets.xcassets */; };
		1F66C8682604A20C002406A9 /* CalculatorTests.swift in Sources */ = {isa = PBXBuildFile; fileRef = 1F66C8672604A20C002406A9 /* CalculatorTests.swift */; };
		1F66C8732604A20C002406A9 /* CalculatorUITests.swift in Sources */ = {isa = PBXBuildFile; fileRef = 1F66C8722604A20C002406A9 /* CalculatorUITests.swift */; };
		1F6C7C46261C8B2200BB5167 /* MyMathLibrary in Frameworks */ = {isa = PBXBuildFile; productRef = 1F6C7C45261C8B2200BB5167 /* MyMathLibrary */; };
/* End PBXBuildFile section */

/* Begin PBXContainerItemProxy section */
		1F66C8642604A20C002406A9 /* PBXContainerItemProxy */ = {
			isa = PBXContainerItemProxy;
			containerPortal = 1F66C84A2604A20A002406A9 /* Project object */;
			proxyType = 1;
			remoteGlobalIDString = 1F66C8512604A20A002406A9;
			remoteInfo = Calculator;
		};
		1F66C86F2604A20C002406A9 /* PBXContainerItemProxy */ = {
			isa = PBXContainerItemProxy;
			containerPortal = 1F66C84A2604A20A002406A9 /* Project object */;
			proxyType = 1;
			remoteGlobalIDString = 1F66C8512604A20A002406A9;
			remoteInfo = Calculator;
		};
/* End PBXContainerItemProxy section */

/* Begin PBXCopyFilesBuildPhase section */
		1F01A1EA260B500500F4516E /* Embed Frameworks */ = {
			isa = PBXCopyFilesBuildPhase;
			buildActionMask = 2147483647;
			dstPath = "";
			dstSubfolderSpec = 10;
			files = (
			);
			name = "Embed Frameworks";
			runOnlyForDeploymentPostprocessing = 0;
		};
/* End PBXCopyFilesBuildPhase section */

/* Begin PBXFileReference section */
		1F66C8522604A20A002406A9 /* Calculator.app */ = {isa = PBXFileReference; explicitFileType = wrapper.application; includeInIndex = 0; path = Calculator.app; sourceTree = BUILT_PRODUCTS_DIR; };
		1F66C8552604A20A002406A9 /* CalculatorApp.swift */ = {isa = PBXFileReference; lastKnownFileType = sourcecode.swift; path = CalculatorApp.swift; sourceTree = "<group>"; };
		1F66C8572604A20A002406A9 /* ContentView.swift */ = {isa = PBXFileReference; lastKnownFileType = sourcecode.swift; path = ContentView.swift; sourceTree = "<group>"; };
		1F66C8592604A20C002406A9 /* Assets.xcassets */ = {isa = PBXFileReference; lastKnownFileType = folder.assetcatalog; path = Assets.xcassets; sourceTree = "<group>"; };
		1F66C85C2604A20C002406A9 /* Preview Assets.xcassets */ = {isa = PBXFileReference; lastKnownFileType = folder.assetcatalog; path = "Preview Assets.xcassets"; sourceTree = "<group>"; };
		1F66C85E2604A20C002406A9 /* Info.plist */ = {isa = PBXFileReference; lastKnownFileType = text.plist.xml; path = Info.plist; sourceTree = "<group>"; };
		1F66C8632604A20C002406A9 /* CalculatorTests.xctest */ = {isa = PBXFileReference; explicitFileType = wrapper.cfbundle; includeInIndex = 0; path = CalculatorTests.xctest; sourceTree = BUILT_PRODUCTS_DIR; };
		1F66C8672604A20C002406A9 /* CalculatorTests.swift */ = {isa = PBXFileReference; lastKnownFileType = sourcecode.swift; path = CalculatorTests.swift; sourceTree = "<group>"; };
		1F66C8692604A20C002406A9 /* Info.plist */ = {isa = PBXFileReference; lastKnownFileType = text.plist.xml; path = Info.plist; sourceTree = "<group>"; };
		1F66C86E2604A20C002406A9 /* CalculatorUITests.xctest */ = {isa = PBXFileReference; explicitFileType = wrapper.cfbundle; includeInIndex = 0; path = CalculatorUITests.xctest; sourceTree = BUILT_PRODUCTS_DIR; };
		1F66C8722604A20C002406A9 /* CalculatorUITests.swift */ = {isa = PBXFileReference; lastKnownFileType = sourcecode.swift; path = CalculatorUITests.swift; sourceTree = "<group>"; };
		1F66C8742604A20C002406A9 /* Info.plist */ = {isa = PBXFileReference; lastKnownFileType = text.plist.xml; path = Info.plist; sourceTree = "<group>"; };
		1F6C7C41261C8B0D00BB5167 /* MyMathLibrary */ = {isa = PBXFileReference; lastKnownFileType = folder; name = MyMathLibrary; path = ../MyMathLibrary; sourceTree = "<group>"; };
/* End PBXFileReference section */

/* Begin PBXFrameworksBuildPhase section */
		1F66C84F2604A20A002406A9 /* Frameworks */ = {
			isa = PBXFrameworksBuildPhase;
			buildActionMask = 2147483647;
			files = (
				1F6C7C46261C8B2200BB5167 /* MyMathLibrary in Frameworks */,
			);
			runOnlyForDeploymentPostprocessing = 0;
		};
		1F66C8602604A20C002406A9 /* Frameworks */ = {
			isa = PBXFrameworksBuildPhase;
			buildActionMask = 2147483647;
			files = (
			);
			runOnlyForDeploymentPostprocessing = 0;
		};
		1F66C86B2604A20C002406A9 /* Frameworks */ = {
			isa = PBXFrameworksBuildPhase;
			buildActionMask = 2147483647;
			files = (
			);
			runOnlyForDeploymentPostprocessing = 0;
		};
/* End PBXFrameworksBuildPhase section */

/* Begin PBXGroup section */
		1F66C8492604A20A002406A9 = {
			isa = PBXGroup;
			children = (
				1F6C7C41261C8B0D00BB5167 /* MyMathLibrary */,
				1F66C8542604A20A002406A9 /* Calculator */,
				1F66C8662604A20C002406A9 /* CalculatorTests */,
				1F66C8712604A20C002406A9 /* CalculatorUITests */,
				1F66C8532604A20A002406A9 /* Products */,
				1F6C7C44261C8B2200BB5167 /* Frameworks */,
			);
			sourceTree = "<group>";
		};
		1F66C8532604A20A002406A9 /* Products */ = {
			isa = PBXGroup;
			children = (
				1F66C8522604A20A002406A9 /* Calculator.app */,
				1F66C8632604A20C002406A9 /* CalculatorTests.xctest */,
				1F66C86E2604A20C002406A9 /* CalculatorUITests.xctest */,
			);
			name = Products;
			sourceTree = "<group>";
		};
		1F66C8542604A20A002406A9 /* Calculator */ = {
			isa = PBXGroup;
			children = (
				1F66C8552604A20A002406A9 /* CalculatorApp.swift */,
				1F66C8572604A20A002406A9 /* ContentView.swift */,
				1F66C8592604A20C002406A9 /* Assets.xcassets */,
				1F66C85E2604A20C002406A9 /* Info.plist */,
				1F66C85B2604A20C002406A9 /* Preview Content */,
			);
			path = Calculator;
			sourceTree = "<group>";
		};
		1F66C85B2604A20C002406A9 /* Preview Content */ = {
			isa = PBXGroup;
			children = (
				1F66C85C2604A20C002406A9 /* Preview Assets.xcassets */,
			);
			path = "Preview Content";
			sourceTree = "<group>";
		};
		1F66C8662604A20C002406A9 /* CalculatorTests */ = {
			isa = PBXGroup;
			children = (
				1F66C8672604A20C002406A9 /* CalculatorTests.swift */,
				1F66C8692604A20C002406A9 /* Info.plist */,
			);
			path = CalculatorTests;
			sourceTree = "<group>";
		};
		1F66C8712604A20C002406A9 /* CalculatorUITests */ = {
			isa = PBXGroup;
			children = (
				1F66C8722604A20C002406A9 /* CalculatorUITests.swift */,
				1F66C8742604A20C002406A9 /* Info.plist */,
			);
			path = CalculatorUITests;
			sourceTree = "<group>";
		};
		1F6C7C44261C8B2200BB5167 /* Frameworks */ = {
			isa = PBXGroup;
			children = (
			);
			name = Frameworks;
			sourceTree = "<group>";
		};
/* End PBXGroup section */

/* Begin PBXNativeTarget section */
		1F66C8512604A20A002406A9 /* Calculator */ = {
			isa = PBXNativeTarget;
			buildConfigurationList = 1F66C8772604A20C002406A9 /* Build configuration list for PBXNativeTarget "Calculator" */;
			buildPhases = (
				1F66C84E2604A20A002406A9 /* Sources */,
				1F66C84F2604A20A002406A9 /* Frameworks */,
				1F66C8502604A20A002406A9 /* Resources */,
				1F01A1EA260B500500F4516E /* Embed Frameworks */,
			);
			buildRules = (
			);
			dependencies = (
			);
			name = Calculator;
			packageProductDependencies = (
				1F6C7C45261C8B2200BB5167 /* MyMathLibrary */,
			);
			productName = Calculator;
			productReference = 1F66C8522604A20A002406A9 /* Calculator.app */;
			productType = "com.apple.product-type.application";
		};
		1F66C8622604A20C002406A9 /* CalculatorTests */ = {
			isa = PBXNativeTarget;
			buildConfigurationList = 1F66C87A2604A20C002406A9 /* Build configuration list for PBXNativeTarget "CalculatorTests" */;
			buildPhases = (
				1F66C85F2604A20C002406A9 /* Sources */,
				1F66C8602604A20C002406A9 /* Frameworks */,
				1F66C8612604A20C002406A9 /* Resources */,
			);
			buildRules = (
			);
			dependencies = (
				1F66C8652604A20C002406A9 /* PBXTargetDependency */,
			);
			name = CalculatorTests;
			productName = CalculatorTests;
			productReference = 1F66C8632604A20C002406A9 /* CalculatorTests.xctest */;
			productType = "com.apple.product-type.bundle.unit-test";
		};
		1F66C86D2604A20C002406A9 /* CalculatorUITests */ = {
			isa = PBXNativeTarget;
			buildConfigurationList = 1F66C87D2604A20C002406A9 /* Build configuration list for PBXNativeTarget "CalculatorUITests" */;
			buildPhases = (
				1F66C86A2604A20C002406A9 /* Sources */,
				1F66C86B2604A20C002406A9 /* Frameworks */,
				1F66C86C2604A20C002406A9 /* Resources */,
			);
			buildRules = (
			);
			dependencies = (
				1F66C8702604A20C002406A9 /* PBXTargetDependency */,
			);
			name = CalculatorUITests;
			productName = CalculatorUITests;
			productReference = 1F66C86E2604A20C002406A9 /* CalculatorUITests.xctest */;
			productType = "com.apple.product-type.bundle.ui-testing";
		};
/* End PBXNativeTarget section */

/* Begin PBXProject section */
		1F66C84A2604A20A002406A9 /* Project object */ = {
			isa = PBXProject;
			attributes = {
				LastSwiftUpdateCheck = 1240;
				LastUpgradeCheck = 1240;
				TargetAttributes = {
					1F66C8512604A20A002406A9 = {
						CreatedOnToolsVersion = 12.4;
					};
					1F66C8622604A20C002406A9 = {
						CreatedOnToolsVersion = 12.4;
						TestTargetID = 1F66C8512604A20A002406A9;
					};
					1F66C86D2604A20C002406A9 = {
						CreatedOnToolsVersion = 12.4;
						TestTargetID = 1F66C8512604A20A002406A9;
					};
				};
			};
			buildConfigurationList = 1F66C84D2604A20A002406A9 /* Build configuration list for PBXProject "Calculator" */;
			compatibilityVersion = "Xcode 9.3";
			developmentRegion = en;
			hasScannedForEncodings = 0;
			knownRegions = (
				en,
				Base,
			);
			mainGroup = 1F66C8492604A20A002406A9;
			productRefGroup = 1F66C8532604A20A002406A9 /* Products */;
			projectDirPath = "";
			projectRoot = "";
			targets = (
				1F66C8512604A20A002406A9 /* Calculator */,
				1F66C8622604A20C002406A9 /* CalculatorTests */,
				1F66C86D2604A20C002406A9 /* CalculatorUITests */,
			);
		};
/* End PBXProject section */

/* Begin PBXResourcesBuildPhase section */
		1F66C8502604A20A002406A9 /* Resources */ = {
			isa = PBXResourcesBuildPhase;
			buildActionMask = 2147483647;
			files = (
				1F66C85D2604A20C002406A9 /* Preview Assets.xcassets in Resources */,
				1F66C85A2604A20C002406A9 /* Assets.xcassets in Resources */,
			);
			runOnlyForDeploymentPostprocessing = 0;
		};
		1F66C8612604A20C002406A9 /* Resources */ = {
			isa = PBXResourcesBuildPhase;
			buildActionMask = 2147483647;
			files = (
			);
			runOnlyForDeploymentPostprocessing = 0;
		};
		1F66C86C2604A20C002406A9 /* Resources */ = {
			isa = PBXResourcesBuildPhase;
			buildActionMask = 2147483647;
			files = (
			);
			runOnlyForDeploymentPostprocessing = 0;
		};
/* End PBXResourcesBuildPhase section */

/* Begin PBXSourcesBuildPhase section */
		1F66C84E2604A20A002406A9 /* Sources */ = {
			isa = PBXSourcesBuildPhase;
			buildActionMask = 2147483647;
			files = (
				1F66C8582604A20A002406A9 /* ContentView.swift in Sources */,
				1F66C8562604A20A002406A9 /* CalculatorApp.swift in Sources */,
			);
			runOnlyForDeploymentPostprocessing = 0;
		};
		1F66C85F2604A20C002406A9 /* Sources */ = {
			isa = PBXSourcesBuildPhase;
			buildActionMask = 2147483647;
			files = (
				1F66C8682604A20C002406A9 /* CalculatorTests.swift in Sources */,
			);
			runOnlyForDeploymentPostprocessing = 0;
		};
		1F66C86A2604A20C002406A9 /* Sources */ = {
			isa = PBXSourcesBuildPhase;
			buildActionMask = 2147483647;
			files = (
				1F66C8732604A20C002406A9 /* CalculatorUITests.swift in Sources */,
			);
			runOnlyForDeploymentPostprocessing = 0;
		};
/* End PBXSourcesBuildPhase section */

/* Begin PBXTargetDependency section */
		1F66C8652604A20C002406A9 /* PBXTargetDependency */ = {
			isa = PBXTargetDependency;
			target = 1F66C8512604A20A002406A9 /* Calculator */;
			targetProxy = 1F66C8642604A20C002406A9 /* PBXContainerItemProxy */;
		};
		1F66C8702604A20C002406A9 /* PBXTargetDependency */ = {
			isa = PBXTargetDependency;
			target = 1F66C8512604A20A002406A9 /* Calculator */;
			targetProxy = 1F66C86F2604A20C002406A9 /* PBXContainerItemProxy */;
		};
/* End PBXTargetDependency section */

/* Begin XCBuildConfiguration section */
		1F66C8752604A20C002406A9 /* Debug */ = {
			isa = XCBuildConfiguration;
			buildSettings = {
				ALWAYS_SEARCH_USER_PATHS = NO;
				CLANG_ANALYZER_NONNULL = YES;
				CLANG_ANALYZER_NUMBER_OBJECT_CONVERSION = YES_AGGRESSIVE;
				CLANG_CXX_LANGUAGE_STANDARD = "gnu++14";
				CLANG_CXX_LIBRARY = "libc++";
				CLANG_ENABLE_MODULES = YES;
				CLANG_ENABLE_OBJC_ARC = YES;
				CLANG_ENABLE_OBJC_WEAK = YES;
				CLANG_WARN_BLOCK_CAPTURE_AUTORELEASING = YES;
				CLANG_WARN_BOOL_CONVERSION = YES;
				CLANG_WARN_COMMA = YES;
				CLANG_WARN_CONSTANT_CONVERSION = YES;
				CLANG_WARN_DEPRECATED_OBJC_IMPLEMENTATIONS = YES;
				CLANG_WARN_DIRECT_OBJC_ISA_USAGE = YES_ERROR;
				CLANG_WARN_DOCUMENTATION_COMMENTS = YES;
				CLANG_WARN_EMPTY_BODY = YES;
				CLANG_WARN_ENUM_CONVERSION = YES;
				CLANG_WARN_INFINITE_RECURSION = YES;
				CLANG_WARN_INT_CONVERSION = YES;
				CLANG_WARN_NON_LITERAL_NULL_CONVERSION = YES;
				CLANG_WARN_OBJC_IMPLICIT_RETAIN_SELF = YES;
				CLANG_WARN_OBJC_LITERAL_CONVERSION = YES;
				CLANG_WARN_OBJC_ROOT_CLASS = YES_ERROR;
				CLANG_WARN_QUOTED_INCLUDE_IN_FRAMEWORK_HEADER = YES;
				CLANG_WARN_RANGE_LOOP_ANALYSIS = YES;
				CLANG_WARN_STRICT_PROTOTYPES = YES;
				CLANG_WARN_SUSPICIOUS_MOVE = YES;
				CLANG_WARN_UNGUARDED_AVAILABILITY = YES_AGGRESSIVE;
				CLANG_WARN_UNREACHABLE_CODE = YES;
				CLANG_WARN__DUPLICATE_METHOD_MATCH = YES;
				COPY_PHASE_STRIP = NO;
				DEBUG_INFORMATION_FORMAT = dwarf;
				ENABLE_STRICT_OBJC_MSGSEND = YES;
				ENABLE_TESTABILITY = YES;
				GCC_C_LANGUAGE_STANDARD = gnu11;
				GCC_DYNAMIC_NO_PIC = NO;
				GCC_NO_COMMON_BLOCKS = YES;
				GCC_OPTIMIZATION_LEVEL = 0;
				GCC_PREPROCESSOR_DEFINITIONS = (
					"DEBUG=1",
					"$(inherited)",
				);
				GCC_WARN_64_TO_32_BIT_CONVERSION = YES;
				GCC_WARN_ABOUT_RETURN_TYPE = YES_ERROR;
				GCC_WARN_UNDECLARED_SELECTOR = YES;
				GCC_WARN_UNINITIALIZED_AUTOS = YES_AGGRESSIVE;
				GCC_WARN_UNUSED_FUNCTION = YES;
				GCC_WARN_UNUSED_VARIABLE = YES;
				IPHONEOS_DEPLOYMENT_TARGET = 14.4;
				MTL_ENABLE_DEBUG_INFO = INCLUDE_SOURCE;
				MTL_FAST_MATH = YES;
				ONLY_ACTIVE_ARCH = YES;
				SDKROOT = iphoneos;
				SWIFT_ACTIVE_COMPILATION_CONDITIONS = DEBUG;
				SWIFT_OPTIMIZATION_LEVEL = "-Onone";
			};
			name = Debug;
		};
		1F66C8762604A20C002406A9 /* Release */ = {
			isa = XCBuildConfiguration;
			buildSettings = {
				ALWAYS_SEARCH_USER_PATHS = NO;
				CLANG_ANALYZER_NONNULL = YES;
				CLANG_ANALYZER_NUMBER_OBJECT_CONVERSION = YES_AGGRESSIVE;
				CLANG_CXX_LANGUAGE_STANDARD = "gnu++14";
				CLANG_CXX_LIBRARY = "libc++";
				CLANG_ENABLE_MODULES = YES;
				CLANG_ENABLE_OBJC_ARC = YES;
				CLANG_ENABLE_OBJC_WEAK = YES;
				CLANG_WARN_BLOCK_CAPTURE_AUTORELEASING = YES;
				CLANG_WARN_BOOL_CONVERSION = YES;
				CLANG_WARN_COMMA = YES;
				CLANG_WARN_CONSTANT_CONVERSION = YES;
				CLANG_WARN_DEPRECATED_OBJC_IMPLEMENTATIONS = YES;
				CLANG_WARN_DIRECT_OBJC_ISA_USAGE = YES_ERROR;
				CLANG_WARN_DOCUMENTATION_COMMENTS = YES;
				CLANG_WARN_EMPTY_BODY = YES;
				CLANG_WARN_ENUM_CONVERSION = YES;
				CLANG_WARN_INFINITE_RECURSION = YES;
				CLANG_WARN_INT_CONVERSION = YES;
				CLANG_WARN_NON_LITERAL_NULL_CONVERSION = YES;
				CLANG_WARN_OBJC_IMPLICIT_RETAIN_SELF = YES;
				CLANG_WARN_OBJC_LITERAL_CONVERSION = YES;
				CLANG_WARN_OBJC_ROOT_CLASS = YES_ERROR;
				CLANG_WARN_QUOTED_INCLUDE_IN_FRAMEWORK_HEADER = YES;
				CLANG_WARN_RANGE_LOOP_ANALYSIS = YES;
				CLANG_WARN_STRICT_PROTOTYPES = YES;
				CLANG_WARN_SUSPICIOUS_MOVE = YES;
				CLANG_WARN_UNGUARDED_AVAILABILITY = YES_AGGRESSIVE;
				CLANG_WARN_UNREACHABLE_CODE = YES;
				CLANG_WARN__DUPLICATE_METHOD_MATCH = YES;
				COPY_PHASE_STRIP = NO;
				DEBUG_INFORMATION_FORMAT = "dwarf-with-dsym";
				ENABLE_NS_ASSERTIONS = NO;
				ENABLE_STRICT_OBJC_MSGSEND = YES;
				GCC_C_LANGUAGE_STANDARD = gnu11;
				GCC_NO_COMMON_BLOCKS = YES;
				GCC_WARN_64_TO_32_BIT_CONVERSION = YES;
				GCC_WARN_ABOUT_RETURN_TYPE = YES_ERROR;
				GCC_WARN_UNDECLARED_SELECTOR = YES;
				GCC_WARN_UNINITIALIZED_AUTOS = YES_AGGRESSIVE;
				GCC_WARN_UNUSED_FUNCTION = YES;
				GCC_WARN_UNUSED_VARIABLE = YES;
				IPHONEOS_DEPLOYMENT_TARGET = 14.4;
				MTL_ENABLE_DEBUG_INFO = NO;
				MTL_FAST_MATH = YES;
				SDKROOT = iphoneos;
				SWIFT_COMPILATION_MODE = wholemodule;
				SWIFT_OPTIMIZATION_LEVEL = "-O";
				VALIDATE_PRODUCT = YES;
			};
			name = Release;
		};
		1F66C8782604A20C002406A9 /* Debug */ = {
			isa = XCBuildConfiguration;
			buildSettings = {
				ASSETCATALOG_COMPILER_APPICON_NAME = AppIcon;
				ASSETCATALOG_COMPILER_GLOBAL_ACCENT_COLOR_NAME = AccentColor;
				CODE_SIGN_STYLE = Automatic;
				DEVELOPMENT_ASSET_PATHS = "\"Calculator/Preview Content\"";
				DEVELOPMENT_TEAM = 47CR245248;
				ENABLE_PREVIEWS = YES;
				FRAMEWORK_SEARCH_PATHS = /Users/marcel/Projects/Sample/Frameworks;
				INFOPLIST_FILE = Calculator/Info.plist;
				IPHONEOS_DEPLOYMENT_TARGET = 14.0;
				LD_RUNPATH_SEARCH_PATHS = (
					"$(inherited)",
					"@executable_path/Frameworks",
				);
				PRODUCT_BUNDLE_IDENTIFIER = marcel.raner.Calculator;
				PRODUCT_NAME = "$(TARGET_NAME)";
				SWIFT_VERSION = 5.0;
				TARGETED_DEVICE_FAMILY = "1,2";
			};
			name = Debug;
		};
		1F66C8792604A20C002406A9 /* Release */ = {
			isa = XCBuildConfiguration;
			buildSettings = {
				ASSETCATALOG_COMPILER_APPICON_NAME = AppIcon;
				ASSETCATALOG_COMPILER_GLOBAL_ACCENT_COLOR_NAME = AccentColor;
				CODE_SIGN_STYLE = Automatic;
				DEVELOPMENT_ASSET_PATHS = "\"Calculator/Preview Content\"";
				DEVELOPMENT_TEAM = 47CR245248;
				ENABLE_PREVIEWS = YES;
				FRAMEWORK_SEARCH_PATHS = /Users/marcel/Projects/Sample/Frameworks;
				INFOPLIST_FILE = Calculator/Info.plist;
				IPHONEOS_DEPLOYMENT_TARGET = 14.0;
				LD_RUNPATH_SEARCH_PATHS = (
					"$(inherited)",
					"@executable_path/Frameworks",
				);
				PRODUCT_BUNDLE_IDENTIFIER = marcel.raner.Calculator;
				PRODUCT_NAME = "$(TARGET_NAME)";
				SWIFT_VERSION = 5.0;
				TARGETED_DEVICE_FAMILY = "1,2";
			};
			name = Release;
		};
		1F66C87B2604A20C002406A9 /* Debug */ = {
			isa = XCBuildConfiguration;
			buildSettings = {
				ALWAYS_EMBED_SWIFT_STANDARD_LIBRARIES = YES;
				BUNDLE_LOADER = "$(TEST_HOST)";
				CODE_SIGN_STYLE = Automatic;
				DEVELOPMENT_TEAM = 47CR245248;
				INFOPLIST_FILE = CalculatorTests/Info.plist;
				IPHONEOS_DEPLOYMENT_TARGET = 14.0;
				LD_RUNPATH_SEARCH_PATHS = (
					"$(inherited)",
					"@executable_path/Frameworks",
					"@loader_path/Frameworks",
				);
				PRODUCT_BUNDLE_IDENTIFIER = marcel.raner.CalculatorTests;
				PRODUCT_NAME = "$(TARGET_NAME)";
				SWIFT_VERSION = 5.0;
				TARGETED_DEVICE_FAMILY = "1,2";
				TEST_HOST = "$(BUILT_PRODUCTS_DIR)/Calculator.app/Calculator";
			};
			name = Debug;
		};
		1F66C87C2604A20C002406A9 /* Release */ = {
			isa = XCBuildConfiguration;
			buildSettings = {
				ALWAYS_EMBED_SWIFT_STANDARD_LIBRARIES = YES;
				BUNDLE_LOADER = "$(TEST_HOST)";
				CODE_SIGN_STYLE = Automatic;
				DEVELOPMENT_TEAM = 47CR245248;
				INFOPLIST_FILE = CalculatorTests/Info.plist;
				IPHONEOS_DEPLOYMENT_TARGET = 14.0;
				LD_RUNPATH_SEARCH_PATHS = (
					"$(inherited)",
					"@executable_path/Frameworks",
					"@loader_path/Frameworks",
				);
				PRODUCT_BUNDLE_IDENTIFIER = marcel.raner.CalculatorTests;
				PRODUCT_NAME = "$(TARGET_NAME)";
				SWIFT_VERSION = 5.0;
				TARGETED_DEVICE_FAMILY = "1,2";
				TEST_HOST = "$(BUILT_PRODUCTS_DIR)/Calculator.app/Calculator";
			};
			name = Release;
		};
		1F66C87E2604A20C002406A9 /* Debug */ = {
			isa = XCBuildConfiguration;
			buildSettings = {
				ALWAYS_EMBED_SWIFT_STANDARD_LIBRARIES = YES;
				CODE_SIGN_STYLE = Automatic;
				DEVELOPMENT_TEAM = 47CR245248;
				INFOPLIST_FILE = CalculatorUITests/Info.plist;
				LD_RUNPATH_SEARCH_PATHS = (
					"$(inherited)",
					"@executable_path/Frameworks",
					"@loader_path/Frameworks",
				);
				PRODUCT_BUNDLE_IDENTIFIER = marcel.raner.CalculatorUITests;
				PRODUCT_NAME = "$(TARGET_NAME)";
				SWIFT_VERSION = 5.0;
				TARGETED_DEVICE_FAMILY = "1,2";
				TEST_TARGET_NAME = Calculator;
			};
			name = Debug;
		};
		1F66C87F2604A20C002406A9 /* Release */ = {
			isa = XCBuildConfiguration;
			buildSettings = {
				ALWAYS_EMBED_SWIFT_STANDARD_LIBRARIES = YES;
				CODE_SIGN_STYLE = Automatic;
				DEVELOPMENT_TEAM = 47CR245248;
				INFOPLIST_FILE = CalculatorUITests/Info.plist;
				LD_RUNPATH_SEARCH_PATHS = (
					"$(inherited)",
					"@executable_path/Frameworks",
					"@loader_path/Frameworks",
				);
				PRODUCT_BUNDLE_IDENTIFIER = marcel.raner.CalculatorUITests;
				PRODUCT_NAME = "$(TARGET_NAME)";
				SWIFT_VERSION = 5.0;
				TARGETED_DEVICE_FAMILY = "1,2";
				TEST_TARGET_NAME = Calculator;
			};
			name = Release;
		};
/* End XCBuildConfiguration section */

/* Begin XCConfigurationList section */
		1F66C84D2604A20A002406A9 /* Build configuration list for PBXProject "Calculator" */ = {
			isa = XCConfigurationList;
			buildConfigurations = (
				1F66C8752604A20C002406A9 /* Debug */,
				1F66C8762604A20C002406A9 /* Release */,
			);
			defaultConfigurationIsVisible = 0;
			defaultConfigurationName = Release;
		};
		1F66C8772604A20C002406A9 /* Build configuration list for PBXNativeTarget "Calculator" */ = {
			isa = XCConfigurationList;
			buildConfigurations = (
				1F66C8782604A20C002406A9 /* Debug */,
				1F66C8792604A20C002406A9 /* Release */,
			);
			defaultConfigurationIsVisible = 0;
			defaultConfigurationName = Release;
		};
		1F66C87A2604A20C002406A9 /* Build configuration list for PBXNativeTarget "CalculatorTests" */ = {
			isa = XCConfigurationList;
			buildConfigurations = (
				1F66C87B2604A20C002406A9 /* Debug */,
				1F66C87C2604A20C002406A9 /* Release */,
			);
			defaultConfigurationIsVisible = 0;
			defaultConfigurationName = Release;
		};
		1F66C87D2604A20C002406A9 /* Build configuration list for PBXNativeTarget "CalculatorUITests" */ = {
			isa = XCConfigurationList;
			buildConfigurations = (
				1F66C87E2604A20C002406A9 /* Debug */,
				1F66C87F2604A20C002406A9 /* Release */,
			);
			defaultConfigurationIsVisible = 0;
			defaultConfigurationName = Release;
		};
/* End XCConfigurationList section */

/* Begin XCSwiftPackageProductDependency section */
		1F6C7C45261C8B2200BB5167 /* MyMathLibrary */ = {
			isa = XCSwiftPackageProductDependency;
			productName = MyMathLibrary;
		};
/* End XCSwiftPackageProductDependency section */
	};
	rootObject = 1F66C84A2604A20A002406A9 /* Project object */;
}
